
Microsoft Visual Studio Solution File, Format Version 12.00
# Visual Studio Version 17
VisualStudioVersion = 17.6.33829.357
MinimumVisualStudioVersion = 10.0.40219.1
Project("{8BC9CEB8-8B4A-11D0-8D11-00A0C91BC942}") = "2.3", "2.3\2.3.vcxproj", "{C1986C5F-99B3-43A1-BDEE-E76E6174FABE}"
EndProject
Global
	GlobalSection(SolutionConfigurationPlatforms) = preSolution
		Debug|x64 = Debug|x64
		Debug|x86 = Debug|x86
		Release|x64 = Release|x64
		Release|x86 = Release|x86
	EndGlobalSection
	GlobalSection(ProjectConfigurationPlatforms) = postSolution
		{C1986C5F-99B3-43A1-BDEE-E76E6174FABE}.Debug|x64.ActiveCfg = Debug|x64
		{C1986C5F-99B3-43A1-BDEE-E76E6174FABE}.Debug|x64.Build.0 = Debug|x64
		{C1986C5F-99B3-43A1-BDEE-E76E6174FABE}.Debug|x86.ActiveCfg = Debug|Win32
		{C1986C5F-99B3-43A1-BDEE-E76E6174FABE}.Debug|x86.Build.0 = Debug|Win32
		{C1986C5F-99B3-43A1-BDEE-E76E6174FABE}.Release|x64.ActiveCfg = Release|x64
		{C1986C5F-99B3-43A1-BDEE-E76E6174FABE}.Release|x64.Build.0 = Release|x64
		{C1986C5F-99B3-43A1-BDEE-E76E6174FABE}.Release|x86.ActiveCfg = Release|Win32
		{C1986C5F-99B3-43A1-BDEE-E76E6174FABE}.Release|x86.Build.0 = Release|Win32
	EndGlobalSection
	GlobalSection(SolutionProperties) = preSolution
		HideSolutionNode = FALSE
	EndGlobalSection
	GlobalSection(ExtensibilityGlobals) = postSolution
		SolutionGuid = {B698E573-4ACB-4474-8CA7-D45B9D7E0507}
	EndGlobalSection
EndGlobal
